// !$*UTF8*$!
{
	archiveVersion = 1;
	classes = {
	};
	objectVersion = 50;
	objects = {

/* Begin PBXBuildFile section */
		961E055C25288B1A00C15C4C /* AppDelegate.swift in Sources */ = {isa = PBXBuildFile; fileRef = 961E055B25288B1A00C15C4C /* AppDelegate.swift */; };
		961E055E25288B1A00C15C4C /* SceneDelegate.swift in Sources */ = {isa = PBXBuildFile; fileRef = 961E055D25288B1A00C15C4C /* SceneDelegate.swift */; };
		961E056025288B1A00C15C4C /* RecipesViewController.swift in Sources */ = {isa = PBXBuildFile; fileRef = 961E055F25288B1A00C15C4C /* RecipesViewController.swift */; };
		961E056325288B1A00C15C4C /* Main.storyboard in Resources */ = {isa = PBXBuildFile; fileRef = 961E056125288B1A00C15C4C /* Main.storyboard */; };
		961E056625288B1A00C15C4C /* repEAT.xcdatamodeld in Sources */ = {isa = PBXBuildFile; fileRef = 961E056425288B1A00C15C4C /* repEAT.xcdatamodeld */; };
		961E056825288B1B00C15C4C /* Assets.xcassets in Resources */ = {isa = PBXBuildFile; fileRef = 961E056725288B1B00C15C4C /* Assets.xcassets */; };
		961E056B25288B1B00C15C4C /* LaunchScreen.storyboard in Resources */ = {isa = PBXBuildFile; fileRef = 961E056925288B1B00C15C4C /* LaunchScreen.storyboard */; };
		961E057625288B1C00C15C4C /* repEATTests.swift in Sources */ = {isa = PBXBuildFile; fileRef = 961E057525288B1C00C15C4C /* repEATTests.swift */; };
		961E058125288B1C00C15C4C /* repEATUITests.swift in Sources */ = {isa = PBXBuildFile; fileRef = 961E058025288B1C00C15C4C /* repEATUITests.swift */; };
		966170A0253D7F780089EDFA /* EditableImageView.swift in Sources */ = {isa = PBXBuildFile; fileRef = 9661709F253D7F780089EDFA /* EditableImageView.swift */; };
		966170A9253E1E040089EDFA /* UIImage+Cropping.swift in Sources */ = {isa = PBXBuildFile; fileRef = 966170A8253E1E040089EDFA /* UIImage+Cropping.swift */; };
		966170BE254164BC0089EDFA /* ObjectViewController.swift in Sources */ = {isa = PBXBuildFile; fileRef = 966170BD254164BC0089EDFA /* ObjectViewController.swift */; };
		966170C9254198170089EDFA /* ObjectsViewController.swift in Sources */ = {isa = PBXBuildFile; fileRef = 966170C8254198170089EDFA /* ObjectsViewController.swift */; };
		966170D72541AD320089EDFA /* ChangeImageController.swift in Sources */ = {isa = PBXBuildFile; fileRef = 966170D62541AD320089EDFA /* ChangeImageController.swift */; };
		96896ED32529E14600D4816B /* RecipeViewController.swift in Sources */ = {isa = PBXBuildFile; fileRef = 96896ED22529E14600D4816B /* RecipeViewController.swift */; };
		96896ED82529E78200D4816B /* RecipeController.swift in Sources */ = {isa = PBXBuildFile; fileRef = 96896ED72529E78200D4816B /* RecipeController.swift */; };
		96896EE02529ECC900D4816B /* Localizable.strings in Resources */ = {isa = PBXBuildFile; fileRef = 96896EDF2529ECC900D4816B /* Localizable.strings */; };
		96896EEC252B181A00D4816B /* Ingredient.swift in Sources */ = {isa = PBXBuildFile; fileRef = 96896EEB252B181A00D4816B /* Ingredient.swift */; };
		96896F0C252C861800D4816B /* EditableTableViewCell.swift in Sources */ = {isa = PBXBuildFile; fileRef = 96896F0A252C861800D4816B /* EditableTableViewCell.swift */; };
		96896F0D252C861800D4816B /* EditableTableViewCell.xib in Resources */ = {isa = PBXBuildFile; fileRef = 96896F0B252C861800D4816B /* EditableTableViewCell.xib */; };
		969BD5B925354D7A00CC7DF2 /* DirectionViewController.swift in Sources */ = {isa = PBXBuildFile; fileRef = 969BD5B825354D7A00CC7DF2 /* DirectionViewController.swift */; };
		969BD5BE2535C82F00CC7DF2 /* Direction.swift in Sources */ = {isa = PBXBuildFile; fileRef = 969BD5BD2535C82F00CC7DF2 /* Direction.swift */; };
		969BD5CC25372E5D00CC7DF2 /* UnitOfMeasures.plist in Resources */ = {isa = PBXBuildFile; fileRef = 969BD5CB25372E5D00CC7DF2 /* UnitOfMeasures.plist */; };
		969BD5D22537306E00CC7DF2 /* UnitOfMeasurePlist.swift in Sources */ = {isa = PBXBuildFile; fileRef = 969BD5D12537306E00CC7DF2 /* UnitOfMeasurePlist.swift */; };
		969BD5DD25383FD900CC7DF2 /* IngredientViewController.swift in Sources */ = {isa = PBXBuildFile; fileRef = 969BD5DC25383FD900CC7DF2 /* IngredientViewController.swift */; };
		969BD5EE25384D4F00CC7DF2 /* FoodsViewController.swift in Sources */ = {isa = PBXBuildFile; fileRef = 969BD5ED25384D4F00CC7DF2 /* FoodsViewController.swift */; };
		969BD5FA2539A20000CC7DF2 /* FoodViewController.swift in Sources */ = {isa = PBXBuildFile; fileRef = 969BD5F92539A20000CC7DF2 /* FoodViewController.swift */; };
		969BD610253A083B00CC7DF2 /* UnitsOfMeasureViewController.swift in Sources */ = {isa = PBXBuildFile; fileRef = 969BD60F253A083B00CC7DF2 /* UnitsOfMeasureViewController.swift */; };
		96D35CD52529CDB800D1CBD8 /* Recipe.swift in Sources */ = {isa = PBXBuildFile; fileRef = 96D35CD42529CDB800D1CBD8 /* Recipe.swift */; };
		96D35CDA2529D11600D1CBD8 /* Food.swift in Sources */ = {isa = PBXBuildFile; fileRef = 96D35CD92529D11600D1CBD8 /* Food.swift */; };
/* End PBXBuildFile section */

/* Begin PBXContainerItemProxy section */
		961E057225288B1C00C15C4C /* PBXContainerItemProxy */ = {
			isa = PBXContainerItemProxy;
			containerPortal = 961E055025288B1A00C15C4C /* Project object */;
			proxyType = 1;
			remoteGlobalIDString = 961E055725288B1A00C15C4C;
			remoteInfo = repEAT;
		};
		961E057D25288B1C00C15C4C /* PBXContainerItemProxy */ = {
			isa = PBXContainerItemProxy;
			containerPortal = 961E055025288B1A00C15C4C /* Project object */;
			proxyType = 1;
			remoteGlobalIDString = 961E055725288B1A00C15C4C;
			remoteInfo = repEAT;
		};
/* End PBXContainerItemProxy section */

/* Begin PBXFileReference section */
		961E055825288B1A00C15C4C /* repEAT.app */ = {isa = PBXFileReference; explicitFileType = wrapper.application; includeInIndex = 0; path = repEAT.app; sourceTree = BUILT_PRODUCTS_DIR; };
		961E055B25288B1A00C15C4C /* AppDelegate.swift */ = {isa = PBXFileReference; lastKnownFileType = sourcecode.swift; path = AppDelegate.swift; sourceTree = "<group>"; };
		961E055D25288B1A00C15C4C /* SceneDelegate.swift */ = {isa = PBXFileReference; lastKnownFileType = sourcecode.swift; path = SceneDelegate.swift; sourceTree = "<group>"; };
		961E055F25288B1A00C15C4C /* RecipesViewController.swift */ = {isa = PBXFileReference; lastKnownFileType = sourcecode.swift; path = RecipesViewController.swift; sourceTree = "<group>"; };
		961E056225288B1A00C15C4C /* Base */ = {isa = PBXFileReference; lastKnownFileType = file.storyboard; name = Base; path = Base.lproj/Main.storyboard; sourceTree = "<group>"; };
		961E056525288B1A00C15C4C /* repEAT.xcdatamodel */ = {isa = PBXFileReference; lastKnownFileType = wrapper.xcdatamodel; path = repEAT.xcdatamodel; sourceTree = "<group>"; };
		961E056725288B1B00C15C4C /* Assets.xcassets */ = {isa = PBXFileReference; lastKnownFileType = folder.assetcatalog; path = Assets.xcassets; sourceTree = "<group>"; };
		961E056A25288B1B00C15C4C /* Base */ = {isa = PBXFileReference; lastKnownFileType = file.storyboard; name = Base; path = Base.lproj/LaunchScreen.storyboard; sourceTree = "<group>"; };
		961E056C25288B1B00C15C4C /* Info.plist */ = {isa = PBXFileReference; lastKnownFileType = text.plist.xml; path = Info.plist; sourceTree = "<group>"; };
		961E057125288B1C00C15C4C /* repEATTests.xctest */ = {isa = PBXFileReference; explicitFileType = wrapper.cfbundle; includeInIndex = 0; path = repEATTests.xctest; sourceTree = BUILT_PRODUCTS_DIR; };
		961E057525288B1C00C15C4C /* repEATTests.swift */ = {isa = PBXFileReference; lastKnownFileType = sourcecode.swift; path = repEATTests.swift; sourceTree = "<group>"; };
		961E057725288B1C00C15C4C /* Info.plist */ = {isa = PBXFileReference; lastKnownFileType = text.plist.xml; path = Info.plist; sourceTree = "<group>"; };
		961E057C25288B1C00C15C4C /* repEATUITests.xctest */ = {isa = PBXFileReference; explicitFileType = wrapper.cfbundle; includeInIndex = 0; path = repEATUITests.xctest; sourceTree = BUILT_PRODUCTS_DIR; };
		961E058025288B1C00C15C4C /* repEATUITests.swift */ = {isa = PBXFileReference; lastKnownFileType = sourcecode.swift; path = repEATUITests.swift; sourceTree = "<group>"; };
		961E058225288B1C00C15C4C /* Info.plist */ = {isa = PBXFileReference; lastKnownFileType = text.plist.xml; path = Info.plist; sourceTree = "<group>"; };
		961E05A125288C2C00C15C4C /* LICENSE */ = {isa = PBXFileReference; lastKnownFileType = text; path = LICENSE; sourceTree = "<group>"; };
		961E05A225288C2C00C15C4C /* .gitignore */ = {isa = PBXFileReference; lastKnownFileType = text; path = .gitignore; sourceTree = "<group>"; };
		961E05A325288C2C00C15C4C /* README.md */ = {isa = PBXFileReference; lastKnownFileType = net.daringfireball.markdown; path = README.md; sourceTree = "<group>"; };
		961E05A825288D2D00C15C4C /* .swiftlint.yml */ = {isa = PBXFileReference; lastKnownFileType = text.yaml; path = .swiftlint.yml; sourceTree = "<group>"; };
		961E05B12528947500C15C4C /* domain-model.drawio */ = {isa = PBXFileReference; lastKnownFileType = text; path = "domain-model.drawio"; sourceTree = "<group>"; };
		961E05B22528947500C15C4C /* shared-kernel.png */ = {isa = PBXFileReference; lastKnownFileType = image.png; path = "shared-kernel.png"; sourceTree = "<group>"; };
		961E05B32528947500C15C4C /* recipe-context.png */ = {isa = PBXFileReference; lastKnownFileType = image.png; path = "recipe-context.png"; sourceTree = "<group>"; };
		961E05B42528949700C15C4C /* README.md */ = {isa = PBXFileReference; lastKnownFileType = net.daringfireball.markdown; path = README.md; sourceTree = "<group>"; };
		9661709F253D7F780089EDFA /* EditableImageView.swift */ = {isa = PBXFileReference; lastKnownFileType = sourcecode.swift; path = EditableImageView.swift; sourceTree = "<group>"; };
		966170A8253E1E040089EDFA /* UIImage+Cropping.swift */ = {isa = PBXFileReference; lastKnownFileType = sourcecode.swift; path = "UIImage+Cropping.swift"; sourceTree = "<group>"; };
		966170BD254164BC0089EDFA /* ObjectViewController.swift */ = {isa = PBXFileReference; lastKnownFileType = sourcecode.swift; path = ObjectViewController.swift; sourceTree = "<group>"; };
		966170C8254198170089EDFA /* ObjectsViewController.swift */ = {isa = PBXFileReference; lastKnownFileType = sourcecode.swift; path = ObjectsViewController.swift; sourceTree = "<group>"; };
		966170D62541AD320089EDFA /* ChangeImageController.swift */ = {isa = PBXFileReference; lastKnownFileType = sourcecode.swift; path = ChangeImageController.swift; sourceTree = "<group>"; };
		96896ED22529E14600D4816B /* RecipeViewController.swift */ = {isa = PBXFileReference; lastKnownFileType = sourcecode.swift; path = RecipeViewController.swift; sourceTree = "<group>"; };
		96896ED72529E78200D4816B /* RecipeController.swift */ = {isa = PBXFileReference; lastKnownFileType = sourcecode.swift; path = RecipeController.swift; sourceTree = "<group>"; };
		96896EDF2529ECC900D4816B /* Localizable.strings */ = {isa = PBXFileReference; lastKnownFileType = text.plist.strings; path = Localizable.strings; sourceTree = "<group>"; };
		96896EEB252B181A00D4816B /* Ingredient.swift */ = {isa = PBXFileReference; lastKnownFileType = sourcecode.swift; path = Ingredient.swift; sourceTree = "<group>"; };
		96896F0A252C861800D4816B /* EditableTableViewCell.swift */ = {isa = PBXFileReference; lastKnownFileType = sourcecode.swift; path = EditableTableViewCell.swift; sourceTree = "<group>"; };
		96896F0B252C861800D4816B /* EditableTableViewCell.xib */ = {isa = PBXFileReference; lastKnownFileType = file.xib; path = EditableTableViewCell.xib; sourceTree = "<group>"; };
		969BD5B825354D7A00CC7DF2 /* DirectionViewController.swift */ = {isa = PBXFileReference; lastKnownFileType = sourcecode.swift; path = DirectionViewController.swift; sourceTree = "<group>"; };
		969BD5BD2535C82F00CC7DF2 /* Direction.swift */ = {isa = PBXFileReference; lastKnownFileType = sourcecode.swift; path = Direction.swift; sourceTree = "<group>"; };
		969BD5CB25372E5D00CC7DF2 /* UnitOfMeasures.plist */ = {isa = PBXFileReference; lastKnownFileType = text.plist.xml; path = UnitOfMeasures.plist; sourceTree = "<group>"; };
		969BD5D12537306E00CC7DF2 /* UnitOfMeasurePlist.swift */ = {isa = PBXFileReference; lastKnownFileType = sourcecode.swift; path = UnitOfMeasurePlist.swift; sourceTree = "<group>"; };
		969BD5DC25383FD900CC7DF2 /* IngredientViewController.swift */ = {isa = PBXFileReference; lastKnownFileType = sourcecode.swift; path = IngredientViewController.swift; sourceTree = "<group>"; };
		969BD5ED25384D4F00CC7DF2 /* FoodsViewController.swift */ = {isa = PBXFileReference; lastKnownFileType = sourcecode.swift; path = FoodsViewController.swift; sourceTree = "<group>"; };
		969BD5F92539A20000CC7DF2 /* FoodViewController.swift */ = {isa = PBXFileReference; lastKnownFileType = sourcecode.swift; path = FoodViewController.swift; sourceTree = "<group>"; };
		969BD60F253A083B00CC7DF2 /* UnitsOfMeasureViewController.swift */ = {isa = PBXFileReference; lastKnownFileType = sourcecode.swift; path = UnitsOfMeasureViewController.swift; sourceTree = "<group>"; };
		96D35CD42529CDB800D1CBD8 /* Recipe.swift */ = {isa = PBXFileReference; lastKnownFileType = sourcecode.swift; path = Recipe.swift; sourceTree = "<group>"; };
		96D35CD92529D11600D1CBD8 /* Food.swift */ = {isa = PBXFileReference; lastKnownFileType = sourcecode.swift; path = Food.swift; sourceTree = "<group>"; };
/* End PBXFileReference section */

/* Begin PBXFrameworksBuildPhase section */
		961E055525288B1A00C15C4C /* Frameworks */ = {
			isa = PBXFrameworksBuildPhase;
			buildActionMask = 2147483647;
			files = (
			);
			runOnlyForDeploymentPostprocessing = 0;
		};
		961E056E25288B1C00C15C4C /* Frameworks */ = {
			isa = PBXFrameworksBuildPhase;
			buildActionMask = 2147483647;
			files = (
			);
			runOnlyForDeploymentPostprocessing = 0;
		};
		961E057925288B1C00C15C4C /* Frameworks */ = {
			isa = PBXFrameworksBuildPhase;
			buildActionMask = 2147483647;
			files = (
			);
			runOnlyForDeploymentPostprocessing = 0;
		};
/* End PBXFrameworksBuildPhase section */

/* Begin PBXGroup section */
		961E054F25288B1A00C15C4C = {
			isa = PBXGroup;
			children = (
				961E05A225288C2C00C15C4C /* .gitignore */,
				961E05A825288D2D00C15C4C /* .swiftlint.yml */,
				961E05A125288C2C00C15C4C /* LICENSE */,
				961E05A325288C2C00C15C4C /* README.md */,
				961E05AF2528947500C15C4C /* Docs */,
				961E055A25288B1A00C15C4C /* repEAT */,
				961E057425288B1C00C15C4C /* repEATTests */,
				961E057F25288B1C00C15C4C /* repEATUITests */,
				961E055925288B1A00C15C4C /* Products */,
			);
			sourceTree = "<group>";
		};
		961E055925288B1A00C15C4C /* Products */ = {
			isa = PBXGroup;
			children = (
				961E055825288B1A00C15C4C /* repEAT.app */,
				961E057125288B1C00C15C4C /* repEATTests.xctest */,
				961E057C25288B1C00C15C4C /* repEATUITests.xctest */,
			);
			name = Products;
			sourceTree = "<group>";
		};
		961E055A25288B1A00C15C4C /* repEAT */ = {
			isa = PBXGroup;
			children = (
				961E055B25288B1A00C15C4C /* AppDelegate.swift */,
				961E059D25288BD900C15C4C /* CoreData */,
				966170A7253E1DEA0089EDFA /* Extension */,
				969BD5D02537305700CC7DF2 /* Helper */,
				96D35CD32529CD8400D1CBD8 /* Model */,
				961E059C25288BCE00C15C4C /* Resources */,
				961E059825288BC700C15C4C /* Scenes */,
				961E059425288BBD00C15C4C /* Views */,
			);
			path = repEAT;
			sourceTree = "<group>";
		};
		961E057425288B1C00C15C4C /* repEATTests */ = {
			isa = PBXGroup;
			children = (
				961E057525288B1C00C15C4C /* repEATTests.swift */,
				961E057725288B1C00C15C4C /* Info.plist */,
			);
			path = repEATTests;
			sourceTree = "<group>";
		};
		961E057F25288B1C00C15C4C /* repEATUITests */ = {
			isa = PBXGroup;
			children = (
				961E058025288B1C00C15C4C /* repEATUITests.swift */,
				961E058225288B1C00C15C4C /* Info.plist */,
			);
			path = repEATUITests;
			sourceTree = "<group>";
		};
		961E059425288BBD00C15C4C /* Views */ = {
			isa = PBXGroup;
			children = (
				96896F09252C85FF00D4816B /* Cells */,
				961E056125288B1A00C15C4C /* Main.storyboard */,
				961E056925288B1B00C15C4C /* LaunchScreen.storyboard */,
				9661709F253D7F780089EDFA /* EditableImageView.swift */,
			);
			path = Views;
			sourceTree = "<group>";
		};
		961E059825288BC700C15C4C /* Scenes */ = {
			isa = PBXGroup;
			children = (
				966170B32540215C0089EDFA /* Common */,
				963C8CFD2529D91B0013C808 /* Recipes */,
				969BD5EC25384D1700CC7DF2 /* SharedKernel */,
				961E055D25288B1A00C15C4C /* SceneDelegate.swift */,
			);
			path = Scenes;
			sourceTree = "<group>";
		};
		961E059C25288BCE00C15C4C /* Resources */ = {
			isa = PBXGroup;
			children = (
				961E056725288B1B00C15C4C /* Assets.xcassets */,
				961E056C25288B1B00C15C4C /* Info.plist */,
				96896EDF2529ECC900D4816B /* Localizable.strings */,
				969BD5CB25372E5D00CC7DF2 /* UnitOfMeasures.plist */,
			);
			path = Resources;
			sourceTree = "<group>";
		};
		961E059D25288BD900C15C4C /* CoreData */ = {
			isa = PBXGroup;
			children = (
				961E056425288B1A00C15C4C /* repEAT.xcdatamodeld */,
			);
			path = CoreData;
			sourceTree = "<group>";
		};
		961E05AF2528947500C15C4C /* Docs */ = {
			isa = PBXGroup;
			children = (
				961E05B02528947500C15C4C /* DomainModel */,
			);
			path = Docs;
			sourceTree = "<group>";
		};
		961E05B02528947500C15C4C /* DomainModel */ = {
			isa = PBXGroup;
			children = (
				961E05B12528947500C15C4C /* domain-model.drawio */,
				961E05B22528947500C15C4C /* shared-kernel.png */,
				961E05B32528947500C15C4C /* recipe-context.png */,
				961E05B42528949700C15C4C /* README.md */,
			);
			path = DomainModel;
			sourceTree = "<group>";
		};
		963C8CFD2529D91B0013C808 /* Recipes */ = {
			isa = PBXGroup;
			children = (
				961E055F25288B1A00C15C4C /* RecipesViewController.swift */,
				96896ED22529E14600D4816B /* RecipeViewController.swift */,
				96896ED72529E78200D4816B /* RecipeController.swift */,
				969BD5DC25383FD900CC7DF2 /* IngredientViewController.swift */,
				969BD5B825354D7A00CC7DF2 /* DirectionViewController.swift */,
			);
			path = Recipes;
			sourceTree = "<group>";
		};
		966170A7253E1DEA0089EDFA /* Extension */ = {
			isa = PBXGroup;
			children = (
				966170A8253E1E040089EDFA /* UIImage+Cropping.swift */,
			);
			path = Extension;
			sourceTree = "<group>";
		};
		966170B32540215C0089EDFA /* Common */ = {
			isa = PBXGroup;
			children = (
				966170D62541AD320089EDFA /* ChangeImageController.swift */,
				966170C8254198170089EDFA /* ObjectsViewController.swift */,
				966170BD254164BC0089EDFA /* ObjectViewController.swift */,
			);
			path = Common;
			sourceTree = "<group>";
		};
		96896F09252C85FF00D4816B /* Cells */ = {
			isa = PBXGroup;
			children = (
				96896F0A252C861800D4816B /* EditableTableViewCell.swift */,
				96896F0B252C861800D4816B /* EditableTableViewCell.xib */,
			);
			path = Cells;
			sourceTree = "<group>";
		};
		969BD5D02537305700CC7DF2 /* Helper */ = {
			isa = PBXGroup;
			children = (
				969BD5D12537306E00CC7DF2 /* UnitOfMeasurePlist.swift */,
			);
			path = Helper;
			sourceTree = "<group>";
		};
		969BD5EC25384D1700CC7DF2 /* SharedKernel */ = {
			isa = PBXGroup;
			children = (
				969BD5ED25384D4F00CC7DF2 /* FoodsViewController.swift */,
				969BD5F92539A20000CC7DF2 /* FoodViewController.swift */,
				969BD60F253A083B00CC7DF2 /* UnitsOfMeasureViewController.swift */,
			);
			path = SharedKernel;
			sourceTree = "<group>";
		};
		96D35CD32529CD8400D1CBD8 /* Model */ = {
			isa = PBXGroup;
			children = (
				96D35CDF2529D12600D1CBD8 /* RecipeContext */,
				96D35CDE2529D11B00D1CBD8 /* SharedKernel */,
			);
			path = Model;
			sourceTree = "<group>";
		};
		96D35CDE2529D11B00D1CBD8 /* SharedKernel */ = {
			isa = PBXGroup;
			children = (
				96D35CD92529D11600D1CBD8 /* Food.swift */,
			);
			path = SharedKernel;
			sourceTree = "<group>";
		};
		96D35CDF2529D12600D1CBD8 /* RecipeContext */ = {
			isa = PBXGroup;
			children = (
				96D35CD42529CDB800D1CBD8 /* Recipe.swift */,
				96896EEB252B181A00D4816B /* Ingredient.swift */,
				969BD5BD2535C82F00CC7DF2 /* Direction.swift */,
			);
			path = RecipeContext;
			sourceTree = "<group>";
		};
/* End PBXGroup section */

/* Begin PBXNativeTarget section */
		961E055725288B1A00C15C4C /* repEAT */ = {
			isa = PBXNativeTarget;
			buildConfigurationList = 961E058525288B1C00C15C4C /* Build configuration list for PBXNativeTarget "repEAT" */;
			buildPhases = (
				961E055425288B1A00C15C4C /* Sources */,
				961E055525288B1A00C15C4C /* Frameworks */,
				961E055625288B1A00C15C4C /* Resources */,
				961E05A425288C8500C15C4C /* ShellScript */,
			);
			buildRules = (
			);
			dependencies = (
			);
			name = repEAT;
			productName = repEAT;
			productReference = 961E055825288B1A00C15C4C /* repEAT.app */;
			productType = "com.apple.product-type.application";
		};
		961E057025288B1C00C15C4C /* repEATTests */ = {
			isa = PBXNativeTarget;
			buildConfigurationList = 961E058825288B1C00C15C4C /* Build configuration list for PBXNativeTarget "repEATTests" */;
			buildPhases = (
				961E056D25288B1C00C15C4C /* Sources */,
				961E056E25288B1C00C15C4C /* Frameworks */,
				961E056F25288B1C00C15C4C /* Resources */,
			);
			buildRules = (
			);
			dependencies = (
				961E057325288B1C00C15C4C /* PBXTargetDependency */,
			);
			name = repEATTests;
			productName = repEATTests;
			productReference = 961E057125288B1C00C15C4C /* repEATTests.xctest */;
			productType = "com.apple.product-type.bundle.unit-test";
		};
		961E057B25288B1C00C15C4C /* repEATUITests */ = {
			isa = PBXNativeTarget;
			buildConfigurationList = 961E058B25288B1C00C15C4C /* Build configuration list for PBXNativeTarget "repEATUITests" */;
			buildPhases = (
				961E057825288B1C00C15C4C /* Sources */,
				961E057925288B1C00C15C4C /* Frameworks */,
				961E057A25288B1C00C15C4C /* Resources */,
			);
			buildRules = (
			);
			dependencies = (
				961E057E25288B1C00C15C4C /* PBXTargetDependency */,
			);
			name = repEATUITests;
			productName = repEATUITests;
			productReference = 961E057C25288B1C00C15C4C /* repEATUITests.xctest */;
			productType = "com.apple.product-type.bundle.ui-testing";
		};
/* End PBXNativeTarget section */

/* Begin PBXProject section */
		961E055025288B1A00C15C4C /* Project object */ = {
			isa = PBXProject;
			attributes = {
				LastSwiftUpdateCheck = 1200;
				LastUpgradeCheck = 1200;
				TargetAttributes = {
					961E055725288B1A00C15C4C = {
						CreatedOnToolsVersion = 12.0;
					};
					961E057025288B1C00C15C4C = {
						CreatedOnToolsVersion = 12.0;
						TestTargetID = 961E055725288B1A00C15C4C;
					};
					961E057B25288B1C00C15C4C = {
						CreatedOnToolsVersion = 12.0;
						TestTargetID = 961E055725288B1A00C15C4C;
					};
				};
			};
			buildConfigurationList = 961E055325288B1A00C15C4C /* Build configuration list for PBXProject "repEAT" */;
			compatibilityVersion = "Xcode 9.3";
			developmentRegion = en;
			hasScannedForEncodings = 0;
			knownRegions = (
				en,
				Base,
			);
			mainGroup = 961E054F25288B1A00C15C4C;
			productRefGroup = 961E055925288B1A00C15C4C /* Products */;
			projectDirPath = "";
			projectRoot = "";
			targets = (
				961E055725288B1A00C15C4C /* repEAT */,
				961E057025288B1C00C15C4C /* repEATTests */,
				961E057B25288B1C00C15C4C /* repEATUITests */,
			);
		};
/* End PBXProject section */

/* Begin PBXResourcesBuildPhase section */
		961E055625288B1A00C15C4C /* Resources */ = {
			isa = PBXResourcesBuildPhase;
			buildActionMask = 2147483647;
			files = (
				961E056B25288B1B00C15C4C /* LaunchScreen.storyboard in Resources */,
				96896EE02529ECC900D4816B /* Localizable.strings in Resources */,
				961E056825288B1B00C15C4C /* Assets.xcassets in Resources */,
				96896F0D252C861800D4816B /* EditableTableViewCell.xib in Resources */,
				969BD5CC25372E5D00CC7DF2 /* UnitOfMeasures.plist in Resources */,
				961E056325288B1A00C15C4C /* Main.storyboard in Resources */,
			);
			runOnlyForDeploymentPostprocessing = 0;
		};
		961E056F25288B1C00C15C4C /* Resources */ = {
			isa = PBXResourcesBuildPhase;
			buildActionMask = 2147483647;
			files = (
			);
			runOnlyForDeploymentPostprocessing = 0;
		};
		961E057A25288B1C00C15C4C /* Resources */ = {
			isa = PBXResourcesBuildPhase;
			buildActionMask = 2147483647;
			files = (
			);
			runOnlyForDeploymentPostprocessing = 0;
		};
/* End PBXResourcesBuildPhase section */

/* Begin PBXShellScriptBuildPhase section */
		961E05A425288C8500C15C4C /* ShellScript */ = {
			isa = PBXShellScriptBuildPhase;
			buildActionMask = 2147483647;
			files = (
			);
			inputFileListPaths = (
			);
			inputPaths = (
			);
			outputFileListPaths = (
			);
			outputPaths = (
			);
			runOnlyForDeploymentPostprocessing = 0;
			shellPath = /bin/sh;
			shellScript = "if which swiftlint >/dev/null; then\n  swiftlint\nelse\n  echo \"warning: SwiftLint not installed, download from https://github.com/realm/SwiftLint\"\nfi\n";
		};
/* End PBXShellScriptBuildPhase section */

/* Begin PBXSourcesBuildPhase section */
		961E055425288B1A00C15C4C /* Sources */ = {
			isa = PBXSourcesBuildPhase;
			buildActionMask = 2147483647;
			files = (
				961E056625288B1A00C15C4C /* repEAT.xcdatamodeld in Sources */,
				96896ED82529E78200D4816B /* RecipeController.swift in Sources */,
				969BD5D22537306E00CC7DF2 /* UnitOfMeasurePlist.swift in Sources */,
				96896EEC252B181A00D4816B /* Ingredient.swift in Sources */,
				969BD5B925354D7A00CC7DF2 /* DirectionViewController.swift in Sources */,
				96896F0C252C861800D4816B /* EditableTableViewCell.swift in Sources */,
				969BD5EE25384D4F00CC7DF2 /* FoodsViewController.swift in Sources */,
				966170A9253E1E040089EDFA /* UIImage+Cropping.swift in Sources */,
				961E056025288B1A00C15C4C /* RecipesViewController.swift in Sources */,
				969BD5DD25383FD900CC7DF2 /* IngredientViewController.swift in Sources */,
				96896ED32529E14600D4816B /* RecipeViewController.swift in Sources */,
				966170BE254164BC0089EDFA /* ObjectViewController.swift in Sources */,
				969BD5FA2539A20000CC7DF2 /* FoodViewController.swift in Sources */,
				961E055C25288B1A00C15C4C /* AppDelegate.swift in Sources */,
				961E055E25288B1A00C15C4C /* SceneDelegate.swift in Sources */,
				96D35CD52529CDB800D1CBD8 /* Recipe.swift in Sources */,
				966170C9254198170089EDFA /* ObjectsViewController.swift in Sources */,
				966170D72541AD320089EDFA /* ChangeImageController.swift in Sources */,
				966170A0253D7F780089EDFA /* EditableImageView.swift in Sources */,
				96D35CDA2529D11600D1CBD8 /* Food.swift in Sources */,
				969BD610253A083B00CC7DF2 /* UnitsOfMeasureViewController.swift in Sources */,
				969BD5BE2535C82F00CC7DF2 /* Direction.swift in Sources */,
			);
			runOnlyForDeploymentPostprocessing = 0;
		};
		961E056D25288B1C00C15C4C /* Sources */ = {
			isa = PBXSourcesBuildPhase;
			buildActionMask = 2147483647;
			files = (
				961E057625288B1C00C15C4C /* repEATTests.swift in Sources */,
			);
			runOnlyForDeploymentPostprocessing = 0;
		};
		961E057825288B1C00C15C4C /* Sources */ = {
			isa = PBXSourcesBuildPhase;
			buildActionMask = 2147483647;
			files = (
				961E058125288B1C00C15C4C /* repEATUITests.swift in Sources */,
			);
			runOnlyForDeploymentPostprocessing = 0;
		};
/* End PBXSourcesBuildPhase section */

/* Begin PBXTargetDependency section */
		961E057325288B1C00C15C4C /* PBXTargetDependency */ = {
			isa = PBXTargetDependency;
			target = 961E055725288B1A00C15C4C /* repEAT */;
			targetProxy = 961E057225288B1C00C15C4C /* PBXContainerItemProxy */;
		};
		961E057E25288B1C00C15C4C /* PBXTargetDependency */ = {
			isa = PBXTargetDependency;
			target = 961E055725288B1A00C15C4C /* repEAT */;
			targetProxy = 961E057D25288B1C00C15C4C /* PBXContainerItemProxy */;
		};
/* End PBXTargetDependency section */

/* Begin PBXVariantGroup section */
		961E056125288B1A00C15C4C /* Main.storyboard */ = {
			isa = PBXVariantGroup;
			children = (
				961E056225288B1A00C15C4C /* Base */,
			);
			name = Main.storyboard;
			sourceTree = "<group>";
		};
		961E056925288B1B00C15C4C /* LaunchScreen.storyboard */ = {
			isa = PBXVariantGroup;
			children = (
				961E056A25288B1B00C15C4C /* Base */,
			);
			name = LaunchScreen.storyboard;
			sourceTree = "<group>";
		};
/* End PBXVariantGroup section */

/* Begin XCBuildConfiguration section */
		961E058325288B1C00C15C4C /* Debug */ = {
			isa = XCBuildConfiguration;
			buildSettings = {
				ALWAYS_SEARCH_USER_PATHS = NO;
				CLANG_ANALYZER_NONNULL = YES;
				CLANG_ANALYZER_NUMBER_OBJECT_CONVERSION = YES_AGGRESSIVE;
				CLANG_CXX_LANGUAGE_STANDARD = "gnu++14";
				CLANG_CXX_LIBRARY = "libc++";
				CLANG_ENABLE_MODULES = YES;
				CLANG_ENABLE_OBJC_ARC = YES;
				CLANG_ENABLE_OBJC_WEAK = YES;
				CLANG_WARN_BLOCK_CAPTURE_AUTORELEASING = YES;
				CLANG_WARN_BOOL_CONVERSION = YES;
				CLANG_WARN_COMMA = YES;
				CLANG_WARN_CONSTANT_CONVERSION = YES;
				CLANG_WARN_DEPRECATED_OBJC_IMPLEMENTATIONS = YES;
				CLANG_WARN_DIRECT_OBJC_ISA_USAGE = YES_ERROR;
				CLANG_WARN_DOCUMENTATION_COMMENTS = YES;
				CLANG_WARN_EMPTY_BODY = YES;
				CLANG_WARN_ENUM_CONVERSION = YES;
				CLANG_WARN_INFINITE_RECURSION = YES;
				CLANG_WARN_INT_CONVERSION = YES;
				CLANG_WARN_NON_LITERAL_NULL_CONVERSION = YES;
				CLANG_WARN_OBJC_IMPLICIT_RETAIN_SELF = YES;
				CLANG_WARN_OBJC_LITERAL_CONVERSION = YES;
				CLANG_WARN_OBJC_ROOT_CLASS = YES_ERROR;
				CLANG_WARN_QUOTED_INCLUDE_IN_FRAMEWORK_HEADER = YES;
				CLANG_WARN_RANGE_LOOP_ANALYSIS = YES;
				CLANG_WARN_STRICT_PROTOTYPES = YES;
				CLANG_WARN_SUSPICIOUS_MOVE = YES;
				CLANG_WARN_UNGUARDED_AVAILABILITY = YES_AGGRESSIVE;
				CLANG_WARN_UNREACHABLE_CODE = YES;
				CLANG_WARN__DUPLICATE_METHOD_MATCH = YES;
				COPY_PHASE_STRIP = NO;
				DEBUG_INFORMATION_FORMAT = dwarf;
				ENABLE_STRICT_OBJC_MSGSEND = YES;
				ENABLE_TESTABILITY = YES;
				GCC_C_LANGUAGE_STANDARD = gnu11;
				GCC_DYNAMIC_NO_PIC = NO;
				GCC_NO_COMMON_BLOCKS = YES;
				GCC_OPTIMIZATION_LEVEL = 0;
				GCC_PREPROCESSOR_DEFINITIONS = (
					"DEBUG=1",
					"$(inherited)",
				);
				GCC_WARN_64_TO_32_BIT_CONVERSION = YES;
				GCC_WARN_ABOUT_RETURN_TYPE = YES_ERROR;
				GCC_WARN_UNDECLARED_SELECTOR = YES;
				GCC_WARN_UNINITIALIZED_AUTOS = YES_AGGRESSIVE;
				GCC_WARN_UNUSED_FUNCTION = YES;
				GCC_WARN_UNUSED_VARIABLE = YES;
				IPHONEOS_DEPLOYMENT_TARGET = 14.0;
				MTL_ENABLE_DEBUG_INFO = INCLUDE_SOURCE;
				MTL_FAST_MATH = YES;
				ONLY_ACTIVE_ARCH = YES;
				SDKROOT = iphoneos;
				SWIFT_ACTIVE_COMPILATION_CONDITIONS = DEBUG;
				SWIFT_OPTIMIZATION_LEVEL = "-Onone";
			};
			name = Debug;
		};
		961E058425288B1C00C15C4C /* Release */ = {
			isa = XCBuildConfiguration;
			buildSettings = {
				ALWAYS_SEARCH_USER_PATHS = NO;
				CLANG_ANALYZER_NONNULL = YES;
				CLANG_ANALYZER_NUMBER_OBJECT_CONVERSION = YES_AGGRESSIVE;
				CLANG_CXX_LANGUAGE_STANDARD = "gnu++14";
				CLANG_CXX_LIBRARY = "libc++";
				CLANG_ENABLE_MODULES = YES;
				CLANG_ENABLE_OBJC_ARC = YES;
				CLANG_ENABLE_OBJC_WEAK = YES;
				CLANG_WARN_BLOCK_CAPTURE_AUTORELEASING = YES;
				CLANG_WARN_BOOL_CONVERSION = YES;
				CLANG_WARN_COMMA = YES;
				CLANG_WARN_CONSTANT_CONVERSION = YES;
				CLANG_WARN_DEPRECATED_OBJC_IMPLEMENTATIONS = YES;
				CLANG_WARN_DIRECT_OBJC_ISA_USAGE = YES_ERROR;
				CLANG_WARN_DOCUMENTATION_COMMENTS = YES;
				CLANG_WARN_EMPTY_BODY = YES;
				CLANG_WARN_ENUM_CONVERSION = YES;
				CLANG_WARN_INFINITE_RECURSION = YES;
				CLANG_WARN_INT_CONVERSION = YES;
				CLANG_WARN_NON_LITERAL_NULL_CONVERSION = YES;
				CLANG_WARN_OBJC_IMPLICIT_RETAIN_SELF = YES;
				CLANG_WARN_OBJC_LITERAL_CONVERSION = YES;
				CLANG_WARN_OBJC_ROOT_CLASS = YES_ERROR;
				CLANG_WARN_QUOTED_INCLUDE_IN_FRAMEWORK_HEADER = YES;
				CLANG_WARN_RANGE_LOOP_ANALYSIS = YES;
				CLANG_WARN_STRICT_PROTOTYPES = YES;
				CLANG_WARN_SUSPICIOUS_MOVE = YES;
				CLANG_WARN_UNGUARDED_AVAILABILITY = YES_AGGRESSIVE;
				CLANG_WARN_UNREACHABLE_CODE = YES;
				CLANG_WARN__DUPLICATE_METHOD_MATCH = YES;
				COPY_PHASE_STRIP = NO;
				DEBUG_INFORMATION_FORMAT = "dwarf-with-dsym";
				ENABLE_NS_ASSERTIONS = NO;
				ENABLE_STRICT_OBJC_MSGSEND = YES;
				GCC_C_LANGUAGE_STANDARD = gnu11;
				GCC_NO_COMMON_BLOCKS = YES;
				GCC_WARN_64_TO_32_BIT_CONVERSION = YES;
				GCC_WARN_ABOUT_RETURN_TYPE = YES_ERROR;
				GCC_WARN_UNDECLARED_SELECTOR = YES;
				GCC_WARN_UNINITIALIZED_AUTOS = YES_AGGRESSIVE;
				GCC_WARN_UNUSED_FUNCTION = YES;
				GCC_WARN_UNUSED_VARIABLE = YES;
				IPHONEOS_DEPLOYMENT_TARGET = 14.0;
				MTL_ENABLE_DEBUG_INFO = NO;
				MTL_FAST_MATH = YES;
				SDKROOT = iphoneos;
				SWIFT_COMPILATION_MODE = wholemodule;
				SWIFT_OPTIMIZATION_LEVEL = "-O";
				VALIDATE_PRODUCT = YES;
			};
			name = Release;
		};
		961E058625288B1C00C15C4C /* Debug */ = {
			isa = XCBuildConfiguration;
			buildSettings = {
				ASSETCATALOG_COMPILER_APPICON_NAME = AppIcon;
				ASSETCATALOG_COMPILER_GLOBAL_ACCENT_COLOR_NAME = AccentColor;
				CODE_SIGN_STYLE = Automatic;
				DEVELOPMENT_TEAM = 34MXHV49DX;
				INFOPLIST_FILE = repEAT/Resources/Info.plist;
				LD_RUNPATH_SEARCH_PATHS = (
					"$(inherited)",
					"@executable_path/Frameworks",
				);
				PRODUCT_BUNDLE_IDENTIFIER = de.robertwitt.repEAT;
				PRODUCT_NAME = "$(TARGET_NAME)";
				SWIFT_VERSION = 5.0;
				TARGETED_DEVICE_FAMILY = "1,2";
			};
			name = Debug;
		};
		961E058725288B1C00C15C4C /* Release */ = {
			isa = XCBuildConfiguration;
			buildSettings = {
				ASSETCATALOG_COMPILER_APPICON_NAME = AppIcon;
				ASSETCATALOG_COMPILER_GLOBAL_ACCENT_COLOR_NAME = AccentColor;
				CODE_SIGN_STYLE = Automatic;
				DEVELOPMENT_TEAM = 34MXHV49DX;
				INFOPLIST_FILE = repEAT/Resources/Info.plist;
				LD_RUNPATH_SEARCH_PATHS = (
					"$(inherited)",
					"@executable_path/Frameworks",
				);
				PRODUCT_BUNDLE_IDENTIFIER = de.robertwitt.repEAT;
				PRODUCT_NAME = "$(TARGET_NAME)";
				SWIFT_VERSION = 5.0;
				TARGETED_DEVICE_FAMILY = "1,2";
			};
			name = Release;
		};
		961E058925288B1C00C15C4C /* Debug */ = {
			isa = XCBuildConfiguration;
			buildSettings = {
				ALWAYS_EMBED_SWIFT_STANDARD_LIBRARIES = YES;
				BUNDLE_LOADER = "$(TEST_HOST)";
				CODE_SIGN_STYLE = Automatic;
				DEVELOPMENT_TEAM = 34MXHV49DX;
				INFOPLIST_FILE = repEATTests/Info.plist;
				IPHONEOS_DEPLOYMENT_TARGET = 14.0;
				LD_RUNPATH_SEARCH_PATHS = (
					"$(inherited)",
					"@executable_path/Frameworks",
					"@loader_path/Frameworks",
				);
				PRODUCT_BUNDLE_IDENTIFIER = de.robertwitt.repEATTests;
				PRODUCT_NAME = "$(TARGET_NAME)";
				SWIFT_VERSION = 5.0;
				TARGETED_DEVICE_FAMILY = "1,2";
				TEST_HOST = "$(BUILT_PRODUCTS_DIR)/repEAT.app/repEAT";
			};
			name = Debug;
		};
		961E058A25288B1C00C15C4C /* Release */ = {
			isa = XCBuildConfiguration;
			buildSettings = {
				ALWAYS_EMBED_SWIFT_STANDARD_LIBRARIES = YES;
				BUNDLE_LOADER = "$(TEST_HOST)";
				CODE_SIGN_STYLE = Automatic;
				DEVELOPMENT_TEAM = 34MXHV49DX;
				INFOPLIST_FILE = repEATTests/Info.plist;
				IPHONEOS_DEPLOYMENT_TARGET = 14.0;
				LD_RUNPATH_SEARCH_PATHS = (
					"$(inherited)",
					"@executable_path/Frameworks",
					"@loader_path/Frameworks",
				);
				PRODUCT_BUNDLE_IDENTIFIER = de.robertwitt.repEATTests;
				PRODUCT_NAME = "$(TARGET_NAME)";
				SWIFT_VERSION = 5.0;
				TARGETED_DEVICE_FAMILY = "1,2";
				TEST_HOST = "$(BUILT_PRODUCTS_DIR)/repEAT.app/repEAT";
			};
			name = Release;
		};
		961E058C25288B1C00C15C4C /* Debug */ = {
			isa = XCBuildConfiguration;
			buildSettings = {
				ALWAYS_EMBED_SWIFT_STANDARD_LIBRARIES = YES;
				CODE_SIGN_STYLE = Automatic;
				DEVELOPMENT_TEAM = 34MXHV49DX;
				INFOPLIST_FILE = repEATUITests/Info.plist;
				LD_RUNPATH_SEARCH_PATHS = (
					"$(inherited)",
					"@executable_path/Frameworks",
					"@loader_path/Frameworks",
				);
				PRODUCT_BUNDLE_IDENTIFIER = de.robertwitt.repEATUITests;
				PRODUCT_NAME = "$(TARGET_NAME)";
				SWIFT_VERSION = 5.0;
				TARGETED_DEVICE_FAMILY = "1,2";
				TEST_TARGET_NAME = repEAT;
			};
			name = Debug;
		};
		961E058D25288B1C00C15C4C /* Release */ = {
			isa = XCBuildConfiguration;
			buildSettings = {
				ALWAYS_EMBED_SWIFT_STANDARD_LIBRARIES = YES;
				CODE_SIGN_STYLE = Automatic;
				DEVELOPMENT_TEAM = 34MXHV49DX;
				INFOPLIST_FILE = repEATUITests/Info.plist;
				LD_RUNPATH_SEARCH_PATHS = (
					"$(inherited)",
					"@executable_path/Frameworks",
					"@loader_path/Frameworks",
				);
				PRODUCT_BUNDLE_IDENTIFIER = de.robertwitt.repEATUITests;
				PRODUCT_NAME = "$(TARGET_NAME)";
				SWIFT_VERSION = 5.0;
				TARGETED_DEVICE_FAMILY = "1,2";
				TEST_TARGET_NAME = repEAT;
			};
			name = Release;
		};
/* End XCBuildConfiguration section */

/* Begin XCConfigurationList section */
		961E055325288B1A00C15C4C /* Build configuration list for PBXProject "repEAT" */ = {
			isa = XCConfigurationList;
			buildConfigurations = (
				961E058325288B1C00C15C4C /* Debug */,
				961E058425288B1C00C15C4C /* Release */,
			);
			defaultConfigurationIsVisible = 0;
			defaultConfigurationName = Release;
		};
		961E058525288B1C00C15C4C /* Build configuration list for PBXNativeTarget "repEAT" */ = {
			isa = XCConfigurationList;
			buildConfigurations = (
				961E058625288B1C00C15C4C /* Debug */,
				961E058725288B1C00C15C4C /* Release */,
			);
			defaultConfigurationIsVisible = 0;
			defaultConfigurationName = Release;
		};
		961E058825288B1C00C15C4C /* Build configuration list for PBXNativeTarget "repEATTests" */ = {
			isa = XCConfigurationList;
			buildConfigurations = (
				961E058925288B1C00C15C4C /* Debug */,
				961E058A25288B1C00C15C4C /* Release */,
			);
			defaultConfigurationIsVisible = 0;
			defaultConfigurationName = Release;
		};
		961E058B25288B1C00C15C4C /* Build configuration list for PBXNativeTarget "repEATUITests" */ = {
			isa = XCConfigurationList;
			buildConfigurations = (
				961E058C25288B1C00C15C4C /* Debug */,
				961E058D25288B1C00C15C4C /* Release */,
			);
			defaultConfigurationIsVisible = 0;
			defaultConfigurationName = Release;
		};
/* End XCConfigurationList section */

/* Begin XCVersionGroup section */
		961E056425288B1A00C15C4C /* repEAT.xcdatamodeld */ = {
			isa = XCVersionGroup;
			children = (
				961E056525288B1A00C15C4C /* repEAT.xcdatamodel */,
			);
			currentVersion = 961E056525288B1A00C15C4C /* repEAT.xcdatamodel */;
			path = repEAT.xcdatamodeld;
			sourceTree = "<group>";
			versionGroupType = wrapper.xcdatamodel;
		};
/* End XCVersionGroup section */
	};
	rootObject = 961E055025288B1A00C15C4C /* Project object */;
}
